<?xml version="1.0" encoding="utf-8"?>
<Project ToolsVersion="4.0" xmlns="http://schemas.microsoft.com/developer/msbuild/2003">
  <ItemGroup>
    <Filter Include="资源文件">
      <UniqueIdentifier>{67DA6AB6-F800-4c08-8B7A-83BB121AAD01}</UniqueIdentifier>
      <Extensions>rc;ico;cur;bmp;dlg;rc2;rct;bin;rgs;gif;jpg;jpeg;jpe;resx;tiff;tif;png;wav;mfcribbon-ms</Extensions>
    </Filter>
    <Filter Include="XModel">
      <UniqueIdentifier>{ccc95ba7-3523-4d19-b727-44d1f6a6b567}</UniqueIdentifier>
    </Filter>
    <Filter Include="GModel">
      <UniqueIdentifier>{01e960bb-c17e-40a6-b6fa-8e55e7efe46c}</UniqueIdentifier>
    </Filter>
    <Filter Include="GTest">
      <UniqueIdentifier>{092f4762-a1d1-436d-9c8d-7c6b91ad73b2}</UniqueIdentifier>
    </Filter>
    <Filter Include="Algorithm">
      <UniqueIdentifier>{2bc7b1ec-9c4e-40f7-8005-4f02f1e87273}</UniqueIdentifier>
    </Filter>
  </ItemGroup>
  <ItemGroup>
    <ClCompile Include="main.cpp">
      <Filter>GTest</Filter>
    </ClCompile>
    <ClCompile Include="XMLBuilder.cpp">
      <Filter>XModel</Filter>
    </ClCompile>
    <ClCompile Include="XMLModel.cpp">
      <Filter>XModel</Filter>
    </ClCompile>
    <ClCompile Include="SAC1.cpp">
      <Filter>Algorithm</Filter>
    </ClCompile>
  </ItemGroup>
  <ItemGroup>
    <ClInclude Include="type_define.h">
      <Filter>XModel</Filter>
    </ClInclude>
    <ClInclude Include="XMLBuilder.h">
      <Filter>XModel</Filter>
    </ClInclude>
    <ClInclude Include="XMLModel.h">
      <Filter>XModel</Filter>
    </ClInclude>
    <ClInclude Include="GecodeModel.h">
      <Filter>GModel</Filter>
    </ClInclude>
    <ClInclude Include="BuildGecodeModel.h">
      <Filter>GModel</Filter>
    </ClInclude>
    <ClInclude Include="SAC1.h">
      <Filter>Algorithm</Filter>
    </ClInclude>
  </ItemGroup>
  <ItemGroup>
    <Xml Include="BMPath.xml">
      <Filter>资源文件</Filter>
    </Xml>
    <Xml Include="XMLFileNeg2.xml">
      <Filter>资源文件</Filter>
    </Xml>
    <Xml Include="queens-4_ext.xml">
      <Filter>资源文件</Filter>
    </Xml>
    <Xml Include="queens-12_ext.xml">
      <Filter>资源文件</Filter>
    </Xml>
    <Xml Include="XMLFile.xml">
      <Filter>资源文件</Filter>
    </Xml>
    <Xml Include="XMLFileNeg.xml">
      <Filter>资源文件</Filter>
    </Xml>
  </ItemGroup>
</Project>